Microsoft Visual Studio Solution File, Format Version 12.00
# Visual Studio 2012
VisualStudioVersion = 12.0.0.0
MinimumVisualStudioVersion = 10.0.0.1
Project("{FAE04EC0-301F-11D3-BF4B-00C04F79EFBC}") = "CNBOpenApi", "src\CNBOpenApi\CNBOpenApi.csproj", "{8BDB9B0C-C13B-4043-8934-24CFFCE755DD}"
EndProject
Project("{FAE04EC0-301F-11D3-BF4B-00C04F79EFBC}") = "CNBOpenApi.Test", "src\CNBOpenApi.Test\CNBOpenApi.Test.csproj", "{19F1DEBC-DE5E-4517-8062-F000CD499087}"
EndProject
Project("{2150E333-8FDC-42A3-9474-1A3956D46DE8}") = ".github", ".github", "{7C68829A-37F9-4C06-A4D5-06C1EDFEE742}"
EndProject
Project("{2150E333-8FDC-42A3-9474-1A3956D46DE8}") = "workflows", "workflows", "{39D67EB8-D091-41B2-A13D-5178CF22804D}"
	ProjectSection(SolutionItems) = preProject
		pack.yml = pack.yml
	EndProjectSection
EndProject
Global
	GlobalSection(SolutionConfigurationPlatforms) = preSolution
		Debug|Any CPU = Debug|Any CPU
		Release|Any CPU = Release|Any CPU
	EndGlobalSection
	GlobalSection(ProjectConfigurationPlatforms) = postSolution
		{8BDB9B0C-C13B-4043-8934-24CFFCE755DD}.Debug|Any CPU.ActiveCfg = Debug|Any CPU
		{8BDB9B0C-C13B-4043-8934-24CFFCE755DD}.Debug|Any CPU.Build.0 = Debug|Any CPU
		{8BDB9B0C-C13B-4043-8934-24CFFCE755DD}.Release|Any CPU.ActiveCfg = Release|Any CPU
		{8BDB9B0C-C13B-4043-8934-24CFFCE755DD}.Release|Any CPU.Build.0 = Release|Any CPU
		{19F1DEBC-DE5E-4517-8062-F000CD499087}.Debug|Any CPU.ActiveCfg = Debug|Any CPU
		{19F1DEBC-DE5E-4517-8062-F000CD499087}.Debug|Any CPU.Build.0 = Debug|Any CPU
		{19F1DEBC-DE5E-4517-8062-F000CD499087}.Release|Any CPU.ActiveCfg = Release|Any CPU
		{19F1DEBC-DE5E-4517-8062-F000CD499087}.Release|Any CPU.Build.0 = Release|Any CPU
	EndGlobalSection
	GlobalSection(SolutionProperties) = preSolution
		HideSolutionNode = FALSE
	EndGlobalSection
	GlobalSection(NestedProjects) = preSolution
		{39D67EB8-D091-41B2-A13D-5178CF22804D} = {7C68829A-37F9-4C06-A4D5-06C1EDFEE742}
	EndGlobalSection
EndGlobal
